
Microsoft Visual Studio Solution File, Format Version 12.00
# Visual Studio Version 16
VisualStudioVersion = 16.0.30621.155
MinimumVisualStudioVersion = 10.0.40219.1
Project("{FAE04EC0-301F-11D3-BF4B-00C04F79EFBC}") = "Homework 10", "Homework 10\Homework 10.csproj", "{BC3A901B-2982-483C-829F-477618D0551E}"
EndProject
Global
	GlobalSection(SolutionConfigurationPlatforms) = preSolution
		Debug|Any CPU = Debug|Any CPU
		Release|Any CPU = Release|Any CPU
	EndGlobalSection
	GlobalSection(ProjectConfigurationPlatforms) = postSolution
		{BC3A901B-2982-483C-829F-477618D0551E}.Debug|Any CPU.ActiveCfg = Debug|Any CPU
		{BC3A901B-2982-483C-829F-477618D0551E}.Debug|Any CPU.Build.0 = Debug|Any CPU
		{BC3A901B-2982-483C-829F-477618D0551E}.Release|Any CPU.ActiveCfg = Release|Any CPU
		{BC3A901B-2982-483C-829F-477618D0551E}.Release|Any CPU.Build.0 = Release|Any CPU
	EndGlobalSection
	GlobalSection(SolutionProperties) = preSolution
		HideSolutionNode = FALSE
	EndGlobalSection
	GlobalSection(ExtensibilityGlobals) = postSolution
		SolutionGuid = {96D3FA00-6B8E-4291-80D3-5A8A8B9DF753}
	EndGlobalSection
EndGlobal
