
Microsoft Visual Studio Solution File, Format Version 12.00
# Visual Studio Version 16
VisualStudioVersion = 16.0.30406.217
MinimumVisualStudioVersion = 10.0.40219.1
Project("{FAE04EC0-301F-11D3-BF4B-00C04F79EFBC}") = "SendEmail", "SendEmail\SendEmail.csproj", "{AD42F57B-E4D6-4B4A-B130-D15D20B8B71B}"
EndProject
Global
	GlobalSection(SolutionConfigurationPlatforms) = preSolution
		Debug|Any CPU = Debug|Any CPU
		Release|Any CPU = Release|Any CPU
	EndGlobalSection
	GlobalSection(ProjectConfigurationPlatforms) = postSolution
		{AD42F57B-E4D6-4B4A-B130-D15D20B8B71B}.Debug|Any CPU.ActiveCfg = Debug|Any CPU
		{AD42F57B-E4D6-4B4A-B130-D15D20B8B71B}.Debug|Any CPU.Build.0 = Debug|Any CPU
		{AD42F57B-E4D6-4B4A-B130-D15D20B8B71B}.Release|Any CPU.ActiveCfg = Release|Any CPU
		{AD42F57B-E4D6-4B4A-B130-D15D20B8B71B}.Release|Any CPU.Build.0 = Release|Any CPU
	EndGlobalSection
	GlobalSection(SolutionProperties) = preSolution
		HideSolutionNode = FALSE
	EndGlobalSection
	GlobalSection(ExtensibilityGlobals) = postSolution
		SolutionGuid = {D8631CBA-8199-4B4D-8311-0FCA098840E3}
	EndGlobalSection
EndGlobal
