
Microsoft Visual Studio Solution File, Format Version 12.00
# Visual Studio Version 16
VisualStudioVersion = 16.0.30621.155
MinimumVisualStudioVersion = 10.0.40219.1
Project("{FAE04EC0-301F-11D3-BF4B-00C04F79EFBC}") = "Homework11", "Homework11\Homework11.csproj", "{A85DA9E1-9E37-4768-AC9B-027F66FCB1E8}"
EndProject
Global
	GlobalSection(SolutionConfigurationPlatforms) = preSolution
		Debug|Any CPU = Debug|Any CPU
		Release|Any CPU = Release|Any CPU
	EndGlobalSection
	GlobalSection(ProjectConfigurationPlatforms) = postSolution
		{A85DA9E1-9E37-4768-AC9B-027F66FCB1E8}.Debug|Any CPU.ActiveCfg = Debug|Any CPU
		{A85DA9E1-9E37-4768-AC9B-027F66FCB1E8}.Debug|Any CPU.Build.0 = Debug|Any CPU
		{A85DA9E1-9E37-4768-AC9B-027F66FCB1E8}.Release|Any CPU.ActiveCfg = Release|Any CPU
		{A85DA9E1-9E37-4768-AC9B-027F66FCB1E8}.Release|Any CPU.Build.0 = Release|Any CPU
	EndGlobalSection
	GlobalSection(SolutionProperties) = preSolution
		HideSolutionNode = FALSE
	EndGlobalSection
	GlobalSection(ExtensibilityGlobals) = postSolution
		SolutionGuid = {155422E0-FDEC-49A1-918A-29694AF97B86}
	EndGlobalSection
EndGlobal
